
Microsoft Visual Studio Solution File, Format Version 12.00
# Visual Studio Version 17
VisualStudioVersion = 17.12.35506.116 d17.12
MinimumVisualStudioVersion = 10.0.40219.1
Project("{FAE04EC0-301F-11D3-BF4B-00C04F79EFBC}") = "BomberosNosaraBackend", "BomberosNosaraBackend.csproj", "{BCA72A84-5086-4472-90F6-4D4A12666FE8}"
EndProject
Project("{FAE04EC0-301F-11D3-BF4B-00C04F79EFBC}") = "Models", "..\Models\Models.csproj", "{ED85FD55-D557-4BEA-A178-956291701314}"
EndProject
Project("{FAE04EC0-301F-11D3-BF4B-00C04F79EFBC}") = "Services", "..\Services\Services.csproj", "{CA53A610-59A7-4D9E-ABF0-E1585C5FB0A8}"
EndProject
Project("{FAE04EC0-301F-11D3-BF4B-00C04F79EFBC}") = "DTOs", "..\DTOs\DTOs.csproj", "{F33E5AA8-0037-48CF-8F99-C0A445F99C5A}"
EndProject
Global
	GlobalSection(SolutionConfigurationPlatforms) = preSolution
		Debug|Any CPU = Debug|Any CPU
		Release|Any CPU = Release|Any CPU
	EndGlobalSection
	GlobalSection(ProjectConfigurationPlatforms) = postSolution
		{BCA72A84-5086-4472-90F6-4D4A12666FE8}.Debug|Any CPU.ActiveCfg = Debug|Any CPU
		{BCA72A84-5086-4472-90F6-4D4A12666FE8}.Debug|Any CPU.Build.0 = Debug|Any CPU
		{BCA72A84-5086-4472-90F6-4D4A12666FE8}.Release|Any CPU.ActiveCfg = Release|Any CPU
		{BCA72A84-5086-4472-90F6-4D4A12666FE8}.Release|Any CPU.Build.0 = Release|Any CPU
		{ED85FD55-D557-4BEA-A178-956291701314}.Debug|Any CPU.ActiveCfg = Debug|Any CPU
		{ED85FD55-D557-4BEA-A178-956291701314}.Debug|Any CPU.Build.0 = Debug|Any CPU
		{ED85FD55-D557-4BEA-A178-956291701314}.Release|Any CPU.ActiveCfg = Release|Any CPU
		{ED85FD55-D557-4BEA-A178-956291701314}.Release|Any CPU.Build.0 = Release|Any CPU
		{CA53A610-59A7-4D9E-ABF0-E1585C5FB0A8}.Debug|Any CPU.ActiveCfg = Debug|Any CPU
		{CA53A610-59A7-4D9E-ABF0-E1585C5FB0A8}.Debug|Any CPU.Build.0 = Debug|Any CPU
		{CA53A610-59A7-4D9E-ABF0-E1585C5FB0A8}.Release|Any CPU.ActiveCfg = Release|Any CPU
		{CA53A610-59A7-4D9E-ABF0-E1585C5FB0A8}.Release|Any CPU.Build.0 = Release|Any CPU
		{F33E5AA8-0037-48CF-8F99-C0A445F99C5A}.Debug|Any CPU.ActiveCfg = Debug|Any CPU
		{F33E5AA8-0037-48CF-8F99-C0A445F99C5A}.Debug|Any CPU.Build.0 = Debug|Any CPU
		{F33E5AA8-0037-48CF-8F99-C0A445F99C5A}.Release|Any CPU.ActiveCfg = Release|Any CPU
		{F33E5AA8-0037-48CF-8F99-C0A445F99C5A}.Release|Any CPU.Build.0 = Release|Any CPU
	EndGlobalSection
	GlobalSection(SolutionProperties) = preSolution
		HideSolutionNode = FALSE
	EndGlobalSection
EndGlobal
